
Microsoft Visual Studio Solution File, Format Version 12.00
# Visual Studio Version 16
VisualStudioVersion = 16.0.31025.194
MinimumVisualStudioVersion = 10.0.40219.1
Project("{8BC9CEB8-8B4A-11D0-8D11-00A0C91BC942}") = "file_system_monitor", "file_system_monitor\file_system_monitor.vcxproj", "{FA9535D4-1AFA-4500-8DBD-C007A179A922}"
EndProject
Global
	GlobalSection(SolutionConfigurationPlatforms) = preSolution
		Debug|x64 = Debug|x64
		Debug|x86 = Debug|x86
		DLL-Import Debug|x64 = DLL-Import Debug|x64
		DLL-Import Debug|x86 = DLL-Import Debug|x86
		DLL-Import Release|x64 = DLL-Import Release|x64
		DLL-Import Release|x86 = DLL-Import Release|x86
		Release|x64 = Release|x64
		Release|x86 = Release|x86
	EndGlobalSection
	GlobalSection(ProjectConfigurationPlatforms) = postSolution
		{FA9535D4-1AFA-4500-8DBD-C007A179A922}.Debug|x64.ActiveCfg = Debug|x64
		{FA9535D4-1AFA-4500-8DBD-C007A179A922}.Debug|x64.Build.0 = Debug|x64
		{FA9535D4-1AFA-4500-8DBD-C007A179A922}.Debug|x86.ActiveCfg = Debug|Win32
		{FA9535D4-1AFA-4500-8DBD-C007A179A922}.Debug|x86.Build.0 = Debug|Win32
		{FA9535D4-1AFA-4500-8DBD-C007A179A922}.DLL-Import Debug|x64.ActiveCfg = Debug|x64
		{FA9535D4-1AFA-4500-8DBD-C007A179A922}.DLL-Import Debug|x64.Build.0 = Debug|x64
		{FA9535D4-1AFA-4500-8DBD-C007A179A922}.DLL-Import Debug|x86.ActiveCfg = Debug|Win32
		{FA9535D4-1AFA-4500-8DBD-C007A179A922}.DLL-Import Debug|x86.Build.0 = Debug|Win32
		{FA9535D4-1AFA-4500-8DBD-C007A179A922}.DLL-Import Release|x64.ActiveCfg = Release|x64
		{FA9535D4-1AFA-4500-8DBD-C007A179A922}.DLL-Import Release|x64.Build.0 = Release|x64
		{FA9535D4-1AFA-4500-8DBD-C007A179A922}.DLL-Import Release|x86.ActiveCfg = Release|Win32
		{FA9535D4-1AFA-4500-8DBD-C007A179A922}.DLL-Import Release|x86.Build.0 = Release|Win32
		{FA9535D4-1AFA-4500-8DBD-C007A179A922}.Release|x64.ActiveCfg = Release|x64
		{FA9535D4-1AFA-4500-8DBD-C007A179A922}.Release|x64.Build.0 = Release|x64
		{FA9535D4-1AFA-4500-8DBD-C007A179A922}.Release|x86.ActiveCfg = Release|Win32
		{FA9535D4-1AFA-4500-8DBD-C007A179A922}.Release|x86.Build.0 = Release|Win32
	EndGlobalSection
	GlobalSection(SolutionProperties) = preSolution
		HideSolutionNode = FALSE
	EndGlobalSection
	GlobalSection(ExtensibilityGlobals) = postSolution
		SolutionGuid = {65B5B2D5-3DE3-423A-9E14-E89626364F24}
	EndGlobalSection
EndGlobal
